
Microsoft Visual Studio Solution File, Format Version 12.00
Project("{FAE04EC0-301F-11D3-BF4B-00C04F79EFBC}") = "BikeShare.Desktop", "BikeShare.Desktop\BikeShare.Desktop.csproj", "{7D9895BE-DC94-433C-8489-FFFA9D1C8034}"
EndProject
Project("{FAE04EC0-301F-11D3-BF4B-00C04F79EFBC}") = "BikeShare.Web", "BikeShare.Web\BikeShare.Web.csproj", "{E311C4AA-9ECC-43D4-9AFD-3F69DCA402A5}"
EndProject
Global
	GlobalSection(SolutionConfigurationPlatforms) = preSolution
		Debug|Any CPU = Debug|Any CPU
		Release|Any CPU = Release|Any CPU
	EndGlobalSection
	GlobalSection(ProjectConfigurationPlatforms) = postSolution
		{7D9895BE-DC94-433C-8489-FFFA9D1C8034}.Debug|Any CPU.ActiveCfg = Debug|Any CPU
		{7D9895BE-DC94-433C-8489-FFFA9D1C8034}.Debug|Any CPU.Build.0 = Debug|Any CPU
		{7D9895BE-DC94-433C-8489-FFFA9D1C8034}.Release|Any CPU.ActiveCfg = Release|Any CPU
		{7D9895BE-DC94-433C-8489-FFFA9D1C8034}.Release|Any CPU.Build.0 = Release|Any CPU
		{E311C4AA-9ECC-43D4-9AFD-3F69DCA402A5}.Debug|Any CPU.ActiveCfg = Debug|Any CPU
		{E311C4AA-9ECC-43D4-9AFD-3F69DCA402A5}.Debug|Any CPU.Build.0 = Debug|Any CPU
		{E311C4AA-9ECC-43D4-9AFD-3F69DCA402A5}.Release|Any CPU.ActiveCfg = Release|Any CPU
		{E311C4AA-9ECC-43D4-9AFD-3F69DCA402A5}.Release|Any CPU.Build.0 = Release|Any CPU
	EndGlobalSection
EndGlobal
